// !$*UTF8*$!
{
	archiveVersion = 1;
	classes = {
	};
	objectVersion = 46;
	objects = {

/* Begin PBXBuildFile section */
		A0597FF41E1F385900BE68F0 /* main.m in Sources */ = {isa = PBXBuildFile; fileRef = A0597FF31E1F385900BE68F0 /* main.m */; };
		A0597FF71E1F385900BE68F0 /* AppDelegate.m in Sources */ = {isa = PBXBuildFile; fileRef = A0597FF61E1F385900BE68F0 /* AppDelegate.m */; };
		A0597FFA1E1F385900BE68F0 /* ViewController.m in Sources */ = {isa = PBXBuildFile; fileRef = A0597FF91E1F385900BE68F0 /* ViewController.m */; };
		A0597FFD1E1F385900BE68F0 /* Main.storyboard in Resources */ = {isa = PBXBuildFile; fileRef = A0597FFB1E1F385900BE68F0 /* Main.storyboard */; };
		A05980001E1F385900BE68F0 /* test1.xcdatamodeld in Sources */ = {isa = PBXBuildFile; fileRef = A0597FFE1E1F385900BE68F0 /* test1.xcdatamodeld */; };
		A05980021E1F385900BE68F0 /* Assets.xcassets in Resources */ = {isa = PBXBuildFile; fileRef = A05980011E1F385900BE68F0 /* Assets.xcassets */; };
		A05980051E1F385900BE68F0 /* LaunchScreen.storyboard in Resources */ = {isa = PBXBuildFile; fileRef = A05980031E1F385900BE68F0 /* LaunchScreen.storyboard */; };
		A05980101E1F385A00BE68F0 /* test1Tests.m in Sources */ = {isa = PBXBuildFile; fileRef = A059800F1E1F385A00BE68F0 /* test1Tests.m */; };
		A059801B1E1F385A00BE68F0 /* test1UITests.m in Sources */ = {isa = PBXBuildFile; fileRef = A059801A1E1F385A00BE68F0 /* test1UITests.m */; };
/* End PBXBuildFile section */

/* Begin PBXContainerItemProxy section */
		A059800C1E1F385A00BE68F0 /* PBXContainerItemProxy */ = {
			isa = PBXContainerItemProxy;
			containerPortal = A0597FE71E1F385900BE68F0 /* Project object */;
			proxyType = 1;
			remoteGlobalIDString = A0597FEE1E1F385900BE68F0;
			remoteInfo = test1;
		};
		A05980171E1F385A00BE68F0 /* PBXContainerItemProxy */ = {
			isa = PBXContainerItemProxy;
			containerPortal = A0597FE71E1F385900BE68F0 /* Project object */;
			proxyType = 1;
			remoteGlobalIDString = A0597FEE1E1F385900BE68F0;
			remoteInfo = test1;
		};
/* End PBXContainerItemProxy section */

/* Begin PBXFileReference section */
		A0597FEF1E1F385900BE68F0 /* test1.app */ = {isa = PBXFileReference; explicitFileType = wrapper.application; includeInIndex = 0; path = test1.app; sourceTree = BUILT_PRODUCTS_DIR; };
		A0597FF31E1F385900BE68F0 /* main.m */ = {isa = PBXFileReference; lastKnownFileType = sourcecode.c.objc; path = main.m; sourceTree = "<group>"; };
		A0597FF51E1F385900BE68F0 /* AppDelegate.h */ = {isa = PBXFileReference; lastKnownFileType = sourcecode.c.h; path = AppDelegate.h; sourceTree = "<group>"; };
		A0597FF61E1F385900BE68F0 /* AppDelegate.m */ = {isa = PBXFileReference; lastKnownFileType = sourcecode.c.objc; path = AppDelegate.m; sourceTree = "<group>"; };
		A0597FF81E1F385900BE68F0 /* ViewController.h */ = {isa = PBXFileReference; lastKnownFileType = sourcecode.c.h; path = ViewController.h; sourceTree = "<group>"; };
		A0597FF91E1F385900BE68F0 /* ViewController.m */ = {isa = PBXFileReference; lastKnownFileType = sourcecode.c.objc; path = ViewController.m; sourceTree = "<group>"; };
		A0597FFC1E1F385900BE68F0 /* Base */ = {isa = PBXFileReference; lastKnownFileType = file.storyboard; name = Base; path = Base.lproj/Main.storyboard; sourceTree = "<group>"; };
		A0597FFF1E1F385900BE68F0 /* test1.xcdatamodel */ = {isa = PBXFileReference; lastKnownFileType = wrapper.xcdatamodel; path = test1.xcdatamodel; sourceTree = "<group>"; };
		A05980011E1F385900BE68F0 /* Assets.xcassets */ = {isa = PBXFileReference; lastKnownFileType = folder.assetcatalog; path = Assets.xcassets; sourceTree = "<group>"; };
		A05980041E1F385900BE68F0 /* Base */ = {isa = PBXFileReference; lastKnownFileType = file.storyboard; name = Base; path = Base.lproj/LaunchScreen.storyboard; sourceTree = "<group>"; };
		A05980061E1F385900BE68F0 /* Info.plist */ = {isa = PBXFileReference; lastKnownFileType = text.plist.xml; path = Info.plist; sourceTree = "<group>"; };
		A059800B1E1F385A00BE68F0 /* test1Tests.xctest */ = {isa = PBXFileReference; explicitFileType = wrapper.cfbundle; includeInIndex = 0; path = test1Tests.xctest; sourceTree = BUILT_PRODUCTS_DIR; };
		A059800F1E1F385A00BE68F0 /* test1Tests.m */ = {isa = PBXFileReference; lastKnownFileType = sourcecode.c.objc; path = test1Tests.m; sourceTree = "<group>"; };
		A05980111E1F385A00BE68F0 /* Info.plist */ = {isa = PBXFileReference; lastKnownFileType = text.plist.xml; path = Info.plist; sourceTree = "<group>"; };
		A05980161E1F385A00BE68F0 /* test1UITests.xctest */ = {isa = PBXFileReference; explicitFileType = wrapper.cfbundle; includeInIndex = 0; path = test1UITests.xctest; sourceTree = BUILT_PRODUCTS_DIR; };
		A059801A1E1F385A00BE68F0 /* test1UITests.m */ = {isa = PBXFileReference; lastKnownFileType = sourcecode.c.objc; path = test1UITests.m; sourceTree = "<group>"; };
		A059801C1E1F385A00BE68F0 /* Info.plist */ = {isa = PBXFileReference; lastKnownFileType = text.plist.xml; path = Info.plist; sourceTree = "<group>"; };
/* End PBXFileReference section */

/* Begin PBXFrameworksBuildPhase section */
		A0597FEC1E1F385900BE68F0 /* Frameworks */ = {
			isa = PBXFrameworksBuildPhase;
			buildActionMask = 2147483647;
			files = (
			);
			runOnlyForDeploymentPostprocessing = 0;
		};
		A05980081E1F385A00BE68F0 /* Frameworks */ = {
			isa = PBXFrameworksBuildPhase;
			buildActionMask = 2147483647;
			files = (
			);
			runOnlyForDeploymentPostprocessing = 0;
		};
		A05980131E1F385A00BE68F0 /* Frameworks */ = {
			isa = PBXFrameworksBuildPhase;
			buildActionMask = 2147483647;
			files = (
			);
			runOnlyForDeploymentPostprocessing = 0;
		};
/* End PBXFrameworksBuildPhase section */

/* Begin PBXGroup section */
		A0597FE61E1F385900BE68F0 = {
			isa = PBXGroup;
			children = (
				A0597FF11E1F385900BE68F0 /* test1 */,
				A059800E1E1F385A00BE68F0 /* test1Tests */,
				A05980191E1F385A00BE68F0 /* test1UITests */,
				A0597FF01E1F385900BE68F0 /* Products */,
			);
			sourceTree = "<group>";
		};
		A0597FF01E1F385900BE68F0 /* Products */ = {
			isa = PBXGroup;
			children = (
				A0597FEF1E1F385900BE68F0 /* test1.app */,
				A059800B1E1F385A00BE68F0 /* test1Tests.xctest */,
				A05980161E1F385A00BE68F0 /* test1UITests.xctest */,
			);
			name = Products;
			sourceTree = "<group>";
		};
		A0597FF11E1F385900BE68F0 /* test1 */ = {
			isa = PBXGroup;
			children = (
				A0597FF51E1F385900BE68F0 /* AppDelegate.h */,
				A0597FF61E1F385900BE68F0 /* AppDelegate.m */,
				A0597FF81E1F385900BE68F0 /* ViewController.h */,
				A0597FF91E1F385900BE68F0 /* ViewController.m */,
				A0597FFB1E1F385900BE68F0 /* Main.storyboard */,
				A05980011E1F385900BE68F0 /* Assets.xcassets */,
				A05980031E1F385900BE68F0 /* LaunchScreen.storyboard */,
				A05980061E1F385900BE68F0 /* Info.plist */,
				A0597FFE1E1F385900BE68F0 /* test1.xcdatamodeld */,
				A0597FF21E1F385900BE68F0 /* Supporting Files */,
			);
			path = test1;
			sourceTree = "<group>";
		};
		A0597FF21E1F385900BE68F0 /* Supporting Files */ = {
			isa = PBXGroup;
			children = (
				A0597FF31E1F385900BE68F0 /* main.m */,
			);
			name = "Supporting Files";
			sourceTree = "<group>";
		};
		A059800E1E1F385A00BE68F0 /* test1Tests */ = {
			isa = PBXGroup;
			children = (
				A059800F1E1F385A00BE68F0 /* test1Tests.m */,
				A05980111E1F385A00BE68F0 /* Info.plist */,
			);
			path = test1Tests;
			sourceTree = "<group>";
		};
		A05980191E1F385A00BE68F0 /* test1UITests */ = {
			isa = PBXGroup;
			children = (
				A059801A1E1F385A00BE68F0 /* test1UITests.m */,
				A059801C1E1F385A00BE68F0 /* Info.plist */,
			);
			path = test1UITests;
			sourceTree = "<group>";
		};
/* End PBXGroup section */

/* Begin PBXNativeTarget section */
		A0597FEE1E1F385900BE68F0 /* test1 */ = {
			isa = PBXNativeTarget;
			buildConfigurationList = A059801F1E1F385A00BE68F0 /* Build configuration list for PBXNativeTarget "test1" */;
			buildPhases = (
				A0597FEB1E1F385900BE68F0 /* Sources */,
				A0597FEC1E1F385900BE68F0 /* Frameworks */,
				A0597FED1E1F385900BE68F0 /* Resources */,
			);
			buildRules = (
			);
			dependencies = (
			);
			name = test1;
			productName = test1;
			productReference = A0597FEF1E1F385900BE68F0 /* test1.app */;
			productType = "com.apple.product-type.application";
		};
		A059800A1E1F385A00BE68F0 /* test1Tests */ = {
			isa = PBXNativeTarget;
			buildConfigurationList = A05980221E1F385A00BE68F0 /* Build configuration list for PBXNativeTarget "test1Tests" */;
			buildPhases = (
				A05980071E1F385A00BE68F0 /* Sources */,
				A05980081E1F385A00BE68F0 /* Frameworks */,
				A05980091E1F385A00BE68F0 /* Resources */,
			);
			buildRules = (
			);
			dependencies = (
				A059800D1E1F385A00BE68F0 /* PBXTargetDependency */,
			);
			name = test1Tests;
			productName = test1Tests;
			productReference = A059800B1E1F385A00BE68F0 /* test1Tests.xctest */;
			productType = "com.apple.product-type.bundle.unit-test";
		};
		A05980151E1F385A00BE68F0 /* test1UITests */ = {
			isa = PBXNativeTarget;
			buildConfigurationList = A05980251E1F385A00BE68F0 /* Build configuration list for PBXNativeTarget "test1UITests" */;
			buildPhases = (
				A05980121E1F385A00BE68F0 /* Sources */,
				A05980131E1F385A00BE68F0 /* Frameworks */,
				A05980141E1F385A00BE68F0 /* Resources */,
			);
			buildRules = (
			);
			dependencies = (
				A05980181E1F385A00BE68F0 /* PBXTargetDependency */,
			);
			name = test1UITests;
			productName = test1UITests;
			productReference = A05980161E1F385A00BE68F0 /* test1UITests.xctest */;
			productType = "com.apple.product-type.bundle.ui-testing";
		};
/* End PBXNativeTarget section */

/* Begin PBXProject section */
		A0597FE71E1F385900BE68F0 /* Project object */ = {
			isa = PBXProject;
			attributes = {
				LastUpgradeCheck = 0820;
				ORGANIZATIONNAME = huangqiguo;
				TargetAttributes = {
					A0597FEE1E1F385900BE68F0 = {
						CreatedOnToolsVersion = 8.2;
						ProvisioningStyle = Automatic;
					};
					A059800A1E1F385A00BE68F0 = {
						CreatedOnToolsVersion = 8.2;
						ProvisioningStyle = Automatic;
						TestTargetID = A0597FEE1E1F385900BE68F0;
					};
					A05980151E1F385A00BE68F0 = {
						CreatedOnToolsVersion = 8.2;
						ProvisioningStyle = Automatic;
						TestTargetID = A0597FEE1E1F385900BE68F0;
					};
				};
			};
			buildConfigurationList = A0597FEA1E1F385900BE68F0 /* Build configuration list for PBXProject "test1" */;
			compatibilityVersion = "Xcode 3.2";
			developmentRegion = English;
			hasScannedForEncodings = 0;
			knownRegions = (
				en,
				Base,
			);
			mainGroup = A0597FE61E1F385900BE68F0;
			productRefGroup = A0597FF01E1F385900BE68F0 /* Products */;
			projectDirPath = "";
			projectRoot = "";
			targets = (
				A0597FEE1E1F385900BE68F0 /* test1 */,
				A059800A1E1F385A00BE68F0 /* test1Tests */,
				A05980151E1F385A00BE68F0 /* test1UITests */,
			);
		};
/* End PBXProject section */

/* Begin PBXResourcesBuildPhase section */
		A0597FED1E1F385900BE68F0 /* Resources */ = {
			isa = PBXResourcesBuildPhase;
			buildActionMask = 2147483647;
			files = (
				A05980051E1F385900BE68F0 /* LaunchScreen.storyboard in Resources */,
				A05980021E1F385900BE68F0 /* Assets.xcassets in Resources */,
				A0597FFD1E1F385900BE68F0 /* Main.storyboard in Resources */,
			);
			runOnlyForDeploymentPostprocessing = 0;
		};
		A05980091E1F385A00BE68F0 /* Resources */ = {
			isa = PBXResourcesBuildPhase;
			buildActionMask = 2147483647;
			files = (
			);
			runOnlyForDeploymentPostprocessing = 0;
		};
		A05980141E1F385A00BE68F0 /* Resources */ = {
			isa = PBXResourcesBuildPhase;
			buildActionMask = 2147483647;
			files = (
			);
			runOnlyForDeploymentPostprocessing = 0;
		};
/* End PBXResourcesBuildPhase section */

/* Begin PBXSourcesBuildPhase section */
		A0597FEB1E1F385900BE68F0 /* Sources */ = {
			isa = PBXSourcesBuildPhase;
			buildActionMask = 2147483647;
			files = (
				A0597FFA1E1F385900BE68F0 /* ViewController.m in Sources */,
				A0597FF71E1F385900BE68F0 /* AppDelegate.m in Sources */,
				A0597FF41E1F385900BE68F0 /* main.m in Sources */,
				A05980001E1F385900BE68F0 /* test1.xcdatamodeld in Sources */,
			);
			runOnlyForDeploymentPostprocessing = 0;
		};
		A05980071E1F385A00BE68F0 /* Sources */ = {
			isa = PBXSourcesBuildPhase;
			buildActionMask = 2147483647;
			files = (
				A05980101E1F385A00BE68F0 /* test1Tests.m in Sources */,
			);
			runOnlyForDeploymentPostprocessing = 0;
		};
		A05980121E1F385A00BE68F0 /* Sources */ = {
			isa = PBXSourcesBuildPhase;
			buildActionMask = 2147483647;
			files = (
				A059801B1E1F385A00BE68F0 /* test1UITests.m in Sources */,
			);
			runOnlyForDeploymentPostprocessing = 0;
		};
/* End PBXSourcesBuildPhase section */

/* Begin PBXTargetDependency section */
		A059800D1E1F385A00BE68F0 /* PBXTargetDependency */ = {
			isa = PBXTargetDependency;
			target = A0597FEE1E1F385900BE68F0 /* test1 */;
			targetProxy = A059800C1E1F385A00BE68F0 /* PBXContainerItemProxy */;
		};
		A05980181E1F385A00BE68F0 /* PBXTargetDependency */ = {
			isa = PBXTargetDependency;
			target = A0597FEE1E1F385900BE68F0 /* test1 */;
			targetProxy = A05980171E1F385A00BE68F0 /* PBXContainerItemProxy */;
		};
/* End PBXTargetDependency section */

/* Begin PBXVariantGroup section */
		A0597FFB1E1F385900BE68F0 /* Main.storyboard */ = {
			isa = PBXVariantGroup;
			children = (
				A0597FFC1E1F385900BE68F0 /* Base */,
			);
			name = Main.storyboard;
			sourceTree = "<group>";
		};
		A05980031E1F385900BE68F0 /* LaunchScreen.storyboard */ = {
			isa = PBXVariantGroup;
			children = (
				A05980041E1F385900BE68F0 /* Base */,
			);
			name = LaunchScreen.storyboard;
			sourceTree = "<group>";
		};
/* End PBXVariantGroup section */

/* Begin XCBuildConfiguration section */
		A059801D1E1F385A00BE68F0 /* Debug */ = {
			isa = XCBuildConfiguration;
			buildSettings = {
				ALWAYS_SEARCH_USER_PATHS = NO;
				CLANG_ANALYZER_NONNULL = YES;
				CLANG_CXX_LANGUAGE_STANDARD = "gnu++0x";
				CLANG_CXX_LIBRARY = "libc++";
				CLANG_ENABLE_MODULES = YES;
				CLANG_ENABLE_OBJC_ARC = YES;
				CLANG_WARN_BOOL_CONVERSION = YES;
				CLANG_WARN_CONSTANT_CONVERSION = YES;
				CLANG_WARN_DIRECT_OBJC_ISA_USAGE = YES_ERROR;
				CLANG_WARN_DOCUMENTATION_COMMENTS = YES;
				CLANG_WARN_EMPTY_BODY = YES;
				CLANG_WARN_ENUM_CONVERSION = YES;
				CLANG_WARN_INFINITE_RECURSION = YES;
				CLANG_WARN_INT_CONVERSION = YES;
				CLANG_WARN_OBJC_ROOT_CLASS = YES_ERROR;
				CLANG_WARN_SUSPICIOUS_MOVE = YES;
				CLANG_WARN_UNREACHABLE_CODE = YES;
				CLANG_WARN__DUPLICATE_METHOD_MATCH = YES;
				"CODE_SIGN_IDENTITY[sdk=iphoneos*]" = "iPhone Developer";
				COPY_PHASE_STRIP = NO;
				DEBUG_INFORMATION_FORMAT = dwarf;
				ENABLE_STRICT_OBJC_MSGSEND = YES;
				ENABLE_TESTABILITY = YES;
				GCC_C_LANGUAGE_STANDARD = gnu99;
				GCC_DYNAMIC_NO_PIC = NO;
				GCC_NO_COMMON_BLOCKS = YES;
				GCC_OPTIMIZATION_LEVEL = 0;
				GCC_PREPROCESSOR_DEFINITIONS = (
					"DEBUG=1",
					"$(inherited)",
				);
				GCC_WARN_64_TO_32_BIT_CONVERSION = YES;
				GCC_WARN_ABOUT_RETURN_TYPE = YES_ERROR;
				GCC_WARN_UNDECLARED_SELECTOR = YES;
				GCC_WARN_UNINITIALIZED_AUTOS = YES_AGGRESSIVE;
				GCC_WARN_UNUSED_FUNCTION = YES;
				GCC_WARN_UNUSED_VARIABLE = YES;
				IPHONEOS_DEPLOYMENT_TARGET = 10.2;
				MTL_ENABLE_DEBUG_INFO = YES;
				ONLY_ACTIVE_ARCH = YES;
				SDKROOT = iphoneos;
				TARGETED_DEVICE_FAMILY = "1,2";
			};
			name = Debug;
		};
		A059801E1E1F385A00BE68F0 /* Release */ = {
			isa = XCBuildConfiguration;
			buildSettings = {
				ALWAYS_SEARCH_USER_PATHS = NO;
				CLANG_ANALYZER_NONNULL = YES;
				CLANG_CXX_LANGUAGE_STANDARD = "gnu++0x";
				CLANG_CXX_LIBRARY = "libc++";
				CLANG_ENABLE_MODULES = YES;
				CLANG_ENABLE_OBJC_ARC = YES;
				CLANG_WARN_BOOL_CONVERSION = YES;
				CLANG_WARN_CONSTANT_CONVERSION = YES;
				CLANG_WARN_DIRECT_OBJC_ISA_USAGE = YES_ERROR;
				CLANG_WARN_DOCUMENTATION_COMMENTS = YES;
				CLANG_WARN_EMPTY_BODY = YES;
				CLANG_WARN_ENUM_CONVERSION = YES;
				CLANG_WARN_INFINITE_RECURSION = YES;
				CLANG_WARN_INT_CONVERSION = YES;
				CLANG_WARN_OBJC_ROOT_CLASS = YES_ERROR;
				CLANG_WARN_SUSPICIOUS_MOVE = YES;
				CLANG_WARN_UNREACHABLE_CODE = YES;
				CLANG_WARN__DUPLICATE_METHOD_MATCH = YES;
				"CODE_SIGN_IDENTITY[sdk=iphoneos*]" = "iPhone Developer";
				COPY_PHASE_STRIP = NO;
				DEBUG_INFORMATION_FORMAT = "dwarf-with-dsym";
				ENABLE_NS_ASSERTIONS = NO;
				ENABLE_STRICT_OBJC_MSGSEND = YES;
				GCC_C_LANGUAGE_STANDARD = gnu99;
				GCC_NO_COMMON_BLOCKS = YES;
				GCC_WARN_64_TO_32_BIT_CONVERSION = YES;
				GCC_WARN_ABOUT_RETURN_TYPE = YES_ERROR;
				GCC_WARN_UNDECLARED_SELECTOR = YES;
				GCC_WARN_UNINITIALIZED_AUTOS = YES_AGGRESSIVE;
				GCC_WARN_UNUSED_FUNCTION = YES;
				GCC_WARN_UNUSED_VARIABLE = YES;
				IPHONEOS_DEPLOYMENT_TARGET = 10.2;
				MTL_ENABLE_DEBUG_INFO = NO;
				SDKROOT = iphoneos;
				TARGETED_DEVICE_FAMILY = "1,2";
				VALIDATE_PRODUCT = YES;
			};
			name = Release;
		};
		A05980201E1F385A00BE68F0 /* Debug */ = {
			isa = XCBuildConfiguration;
			buildSettings = {
				ASSETCATALOG_COMPILER_APPICON_NAME = AppIcon;
				INFOPLIST_FILE = test1/Info.plist;
				LD_RUNPATH_SEARCH_PATHS = "$(inherited) @executable_path/Frameworks";
				PRODUCT_BUNDLE_IDENTIFIER = com.huangqiguo.test1;
				PRODUCT_NAME = "$(TARGET_NAME)";
			};
			name = Debug;
		};
		A05980211E1F385A00BE68F0 /* Release */ = {
			isa = XCBuildConfiguration;
			buildSettings = {
				ASSETCATALOG_COMPILER_APPICON_NAME = AppIcon;
				INFOPLIST_FILE = test1/Info.plist;
				LD_RUNPATH_SEARCH_PATHS = "$(inherited) @executable_path/Frameworks";
				PRODUCT_BUNDLE_IDENTIFIER = com.huangqiguo.test1;
				PRODUCT_NAME = "$(TARGET_NAME)";
			};
			name = Release;
		};
		A05980231E1F385A00BE68F0 /* Debug */ = {
			isa = XCBuildConfiguration;
			buildSettings = {
				BUNDLE_LOADER = "$(TEST_HOST)";
				INFOPLIST_FILE = test1Tests/Info.plist;
				LD_RUNPATH_SEARCH_PATHS = "$(inherited) @executable_path/Frameworks @loader_path/Frameworks";
				PRODUCT_BUNDLE_IDENTIFIER = com.huangqiguo.test1Tests;
				PRODUCT_NAME = "$(TARGET_NAME)";
				TEST_HOST = "$(BUILT_PRODUCTS_DIR)/test1.app/test1";
			};
			name = Debug;
		};
		A05980241E1F385A00BE68F0 /* Release */ = {
			isa = XCBuildConfiguration;
			buildSettings = {
				BUNDLE_LOADER = "$(TEST_HOST)";
				INFOPLIST_FILE = test1Tests/Info.plist;
				LD_RUNPATH_SEARCH_PATHS = "$(inherited) @executable_path/Frameworks @loader_path/Frameworks";
				PRODUCT_BUNDLE_IDENTIFIER = com.huangqiguo.test1Tests;
				PRODUCT_NAME = "$(TARGET_NAME)";
				TEST_HOST = "$(BUILT_PRODUCTS_DIR)/test1.app/test1";
			};
			name = Release;
		};
		A05980261E1F385A00BE68F0 /* Debug */ = {
			isa = XCBuildConfiguration;
			buildSettings = {
				INFOPLIST_FILE = test1UITests/Info.plist;
				LD_RUNPATH_SEARCH_PATHS = "$(inherited) @executable_path/Frameworks @loader_path/Frameworks";
				PRODUCT_BUNDLE_IDENTIFIER = com.huangqiguo.test1UITests;
				PRODUCT_NAME = "$(TARGET_NAME)";
				TEST_TARGET_NAME = test1;
			};
			name = Debug;
		};
		A05980271E1F385A00BE68F0 /* Release */ = {
			isa = XCBuildConfiguration;
			buildSettings = {
				INFOPLIST_FILE = test1UITests/Info.plist;
				LD_RUNPATH_SEARCH_PATHS = "$(inherited) @executable_path/Frameworks @loader_path/Frameworks";
				PRODUCT_BUNDLE_IDENTIFIER = com.huangqiguo.test1UITests;
				PRODUCT_NAME = "$(TARGET_NAME)";
				TEST_TARGET_NAME = test1;
			};
			name = Release;
		};
/* End XCBuildConfiguration section */

/* Begin XCConfigurationList section */
		A0597FEA1E1F385900BE68F0 /* Build configuration list for PBXProject "test1" */ = {
			isa = XCConfigurationList;
			buildConfigurations = (
				A059801D1E1F385A00BE68F0 /* Debug */,
				A059801E1E1F385A00BE68F0 /* Release */,
			);
			defaultConfigurationIsVisible = 0;
			defaultConfigurationName = Release;
		};
		A059801F1E1F385A00BE68F0 /* Build configuration list for PBXNativeTarget "test1" */ = {
			isa = XCConfigurationList;
			buildConfigurations = (
				A05980201E1F385A00BE68F0 /* Debug */,
				A05980211E1F385A00BE68F0 /* Release */,
			);
			defaultConfigurationIsVisible = 0;
		};
		A05980221E1F385A00BE68F0 /* Build configuration list for PBXNativeTarget "test1Tests" */ = {
			isa = XCConfigurationList;
			buildConfigurations = (
				A05980231E1F385A00BE68F0 /* Debug */,
				A05980241E1F385A00BE68F0 /* Release */,
			);
			defaultConfigurationIsVisible = 0;
		};
		A05980251E1F385A00BE68F0 /* Build configuration list for PBXNativeTarget "test1UITests" */ = {
			isa = XCConfigurationList;
			buildConfigurations = (
				A05980261E1F385A00BE68F0 /* Debug */,
				A05980271E1F385A00BE68F0 /* Release */,
			);
			defaultConfigurationIsVisible = 0;
		};
/* End XCConfigurationList section */

/* Begin XCVersionGroup section */
		A0597FFE1E1F385900BE68F0 /* test1.xcdatamodeld */ = {
			isa = XCVersionGroup;
			children = (
				A0597FFF1E1F385900BE68F0 /* test1.xcdatamodel */,
			);
			currentVersion = A0597FFF1E1F385900BE68F0 /* test1.xcdatamodel */;
			path = test1.xcdatamodeld;
			sourceTree = "<group>";
			versionGroupType = wrapper.xcdatamodel;
		};
/* End XCVersionGroup section */
	};
	rootObject = A0597FE71E1F385900BE68F0 /* Project object */;
}
